
Microsoft Visual Studio Solution File, Format Version 12.00
# Visual Studio 15
VisualStudioVersion = 15.0.28307.421
MinimumVisualStudioVersion = 10.0.40219.1
Project("{FAE04EC0-301F-11D3-BF4B-00C04F79EFBC}") = "AccordionBindableLayout.Android", "AccordionBindableLayout\AccordionBindableLayout.Android\AccordionBindableLayout.Android.csproj", "{F7B07B26-2BBD-48FB-835D-444C9C0F0FCB}"
EndProject
Project("{FAE04EC0-301F-11D3-BF4B-00C04F79EFBC}") = "AccordionBindableLayout.iOS", "AccordionBindableLayout\AccordionBindableLayout.iOS\AccordionBindableLayout.iOS.csproj", "{93585A14-9870-4E51-80F8-6277D85CF536}"
EndProject
Project("{FAE04EC0-301F-11D3-BF4B-00C04F79EFBC}") = "AccordionBindableLayout.UWP", "AccordionBindableLayout\AccordionBindableLayout.UWP\AccordionBindableLayout.UWP.csproj", "{28515E44-90C2-407A-87C8-F0C878208449}"
EndProject
Project("{FAE04EC0-301F-11D3-BF4B-00C04F79EFBC}") = "AccordionBindableLayout", "AccordionBindableLayout\AccordionBindableLayout\AccordionBindableLayout.csproj", "{5B5CA364-5547-4B95-B2DF-34FC80481B3F}"
EndProject
Global
	GlobalSection(SolutionConfigurationPlatforms) = preSolution
		Ad-Hoc|Any CPU = Ad-Hoc|Any CPU
		Ad-Hoc|ARM = Ad-Hoc|ARM
		Ad-Hoc|iPhone = Ad-Hoc|iPhone
		Ad-Hoc|iPhoneSimulator = Ad-Hoc|iPhoneSimulator
		Ad-Hoc|x64 = Ad-Hoc|x64
		Ad-Hoc|x86 = Ad-Hoc|x86
		AppStore|Any CPU = AppStore|Any CPU
		AppStore|ARM = AppStore|ARM
		AppStore|iPhone = AppStore|iPhone
		AppStore|iPhoneSimulator = AppStore|iPhoneSimulator
		AppStore|x64 = AppStore|x64
		AppStore|x86 = AppStore|x86
		Debug|Any CPU = Debug|Any CPU
		Debug|ARM = Debug|ARM
		Debug|iPhone = Debug|iPhone
		Debug|iPhoneSimulator = Debug|iPhoneSimulator
		Debug|x64 = Debug|x64
		Debug|x86 = Debug|x86
		Release|Any CPU = Release|Any CPU
		Release|ARM = Release|ARM
		Release|iPhone = Release|iPhone
		Release|iPhoneSimulator = Release|iPhoneSimulator
		Release|x64 = Release|x64
		Release|x86 = Release|x86
	EndGlobalSection
	GlobalSection(ProjectConfigurationPlatforms) = postSolution
		{F7B07B26-2BBD-48FB-835D-444C9C0F0FCB}.Ad-Hoc|Any CPU.ActiveCfg = Release|Any CPU
		{F7B07B26-2BBD-48FB-835D-444C9C0F0FCB}.Ad-Hoc|Any CPU.Build.0 = Release|Any CPU
		{F7B07B26-2BBD-48FB-835D-444C9C0F0FCB}.Ad-Hoc|Any CPU.Deploy.0 = Release|Any CPU
		{F7B07B26-2BBD-48FB-835D-444C9C0F0FCB}.Ad-Hoc|ARM.ActiveCfg = Release|Any CPU
		{F7B07B26-2BBD-48FB-835D-444C9C0F0FCB}.Ad-Hoc|ARM.Build.0 = Release|Any CPU
		{F7B07B26-2BBD-48FB-835D-444C9C0F0FCB}.Ad-Hoc|ARM.Deploy.0 = Release|Any CPU
		{F7B07B26-2BBD-48FB-835D-444C9C0F0FCB}.Ad-Hoc|iPhone.ActiveCfg = Release|Any CPU
		{F7B07B26-2BBD-48FB-835D-444C9C0F0FCB}.Ad-Hoc|iPhone.Build.0 = Release|Any CPU
		{F7B07B26-2BBD-48FB-835D-444C9C0F0FCB}.Ad-Hoc|iPhone.Deploy.0 = Release|Any CPU
		{F7B07B26-2BBD-48FB-835D-444C9C0F0FCB}.Ad-Hoc|iPhoneSimulator.ActiveCfg = Release|Any CPU
		{F7B07B26-2BBD-48FB-835D-444C9C0F0FCB}.Ad-Hoc|iPhoneSimulator.Build.0 = Release|Any CPU
		{F7B07B26-2BBD-48FB-835D-444C9C0F0FCB}.Ad-Hoc|iPhoneSimulator.Deploy.0 = Release|Any CPU
		{F7B07B26-2BBD-48FB-835D-444C9C0F0FCB}.Ad-Hoc|x64.ActiveCfg = Release|Any CPU
		{F7B07B26-2BBD-48FB-835D-444C9C0F0FCB}.Ad-Hoc|x64.Build.0 = Release|Any CPU
		{F7B07B26-2BBD-48FB-835D-444C9C0F0FCB}.Ad-Hoc|x64.Deploy.0 = Release|Any CPU
		{F7B07B26-2BBD-48FB-835D-444C9C0F0FCB}.Ad-Hoc|x86.ActiveCfg = Release|Any CPU
		{F7B07B26-2BBD-48FB-835D-444C9C0F0FCB}.Ad-Hoc|x86.Build.0 = Release|Any CPU
		{F7B07B26-2BBD-48FB-835D-444C9C0F0FCB}.Ad-Hoc|x86.Deploy.0 = Release|Any CPU
		{F7B07B26-2BBD-48FB-835D-444C9C0F0FCB}.AppStore|Any CPU.ActiveCfg = Release|Any CPU
		{F7B07B26-2BBD-48FB-835D-444C9C0F0FCB}.AppStore|Any CPU.Build.0 = Release|Any CPU
		{F7B07B26-2BBD-48FB-835D-444C9C0F0FCB}.AppStore|Any CPU.Deploy.0 = Release|Any CPU
		{F7B07B26-2BBD-48FB-835D-444C9C0F0FCB}.AppStore|ARM.ActiveCfg = Release|Any CPU
		{F7B07B26-2BBD-48FB-835D-444C9C0F0FCB}.AppStore|ARM.Build.0 = Release|Any CPU
		{F7B07B26-2BBD-48FB-835D-444C9C0F0FCB}.AppStore|ARM.Deploy.0 = Release|Any CPU
		{F7B07B26-2BBD-48FB-835D-444C9C0F0FCB}.AppStore|iPhone.ActiveCfg = Release|Any CPU
		{F7B07B26-2BBD-48FB-835D-444C9C0F0FCB}.AppStore|iPhone.Build.0 = Release|Any CPU
		{F7B07B26-2BBD-48FB-835D-444C9C0F0FCB}.AppStore|iPhone.Deploy.0 = Release|Any CPU
		{F7B07B26-2BBD-48FB-835D-444C9C0F0FCB}.AppStore|iPhoneSimulator.ActiveCfg = Release|Any CPU
		{F7B07B26-2BBD-48FB-835D-444C9C0F0FCB}.AppStore|iPhoneSimulator.Build.0 = Release|Any CPU
		{F7B07B26-2BBD-48FB-835D-444C9C0F0FCB}.AppStore|iPhoneSimulator.Deploy.0 = Release|Any CPU
		{F7B07B26-2BBD-48FB-835D-444C9C0F0FCB}.AppStore|x64.ActiveCfg = Release|Any CPU
		{F7B07B26-2BBD-48FB-835D-444C9C0F0FCB}.AppStore|x64.Build.0 = Release|Any CPU
		{F7B07B26-2BBD-48FB-835D-444C9C0F0FCB}.AppStore|x64.Deploy.0 = Release|Any CPU
		{F7B07B26-2BBD-48FB-835D-444C9C0F0FCB}.AppStore|x86.ActiveCfg = Release|Any CPU
		{F7B07B26-2BBD-48FB-835D-444C9C0F0FCB}.AppStore|x86.Build.0 = Release|Any CPU
		{F7B07B26-2BBD-48FB-835D-444C9C0F0FCB}.AppStore|x86.Deploy.0 = Release|Any CPU
		{F7B07B26-2BBD-48FB-835D-444C9C0F0FCB}.Debug|Any CPU.ActiveCfg = Debug|Any CPU
		{F7B07B26-2BBD-48FB-835D-444C9C0F0FCB}.Debug|Any CPU.Build.0 = Debug|Any CPU
		{F7B07B26-2BBD-48FB-835D-444C9C0F0FCB}.Debug|Any CPU.Deploy.0 = Debug|Any CPU
		{F7B07B26-2BBD-48FB-835D-444C9C0F0FCB}.Debug|ARM.ActiveCfg = Debug|Any CPU
		{F7B07B26-2BBD-48FB-835D-444C9C0F0FCB}.Debug|ARM.Build.0 = Debug|Any CPU
		{F7B07B26-2BBD-48FB-835D-444C9C0F0FCB}.Debug|ARM.Deploy.0 = Debug|Any CPU
		{F7B07B26-2BBD-48FB-835D-444C9C0F0FCB}.Debug|iPhone.ActiveCfg = Debug|Any CPU
		{F7B07B26-2BBD-48FB-835D-444C9C0F0FCB}.Debug|iPhone.Build.0 = Debug|Any CPU
		{F7B07B26-2BBD-48FB-835D-444C9C0F0FCB}.Debug|iPhone.Deploy.0 = Debug|Any CPU
		{F7B07B26-2BBD-48FB-835D-444C9C0F0FCB}.Debug|iPhoneSimulator.ActiveCfg = Debug|Any CPU
		{F7B07B26-2BBD-48FB-835D-444C9C0F0FCB}.Debug|iPhoneSimulator.Build.0 = Debug|Any CPU
		{F7B07B26-2BBD-48FB-835D-444C9C0F0FCB}.Debug|iPhoneSimulator.Deploy.0 = Debug|Any CPU
		{F7B07B26-2BBD-48FB-835D-444C9C0F0FCB}.Debug|x64.ActiveCfg = Debug|Any CPU
		{F7B07B26-2BBD-48FB-835D-444C9C0F0FCB}.Debug|x64.Build.0 = Debug|Any CPU
		{F7B07B26-2BBD-48FB-835D-444C9C0F0FCB}.Debug|x64.Deploy.0 = Debug|Any CPU
		{F7B07B26-2BBD-48FB-835D-444C9C0F0FCB}.Debug|x86.ActiveCfg = Debug|Any CPU
		{F7B07B26-2BBD-48FB-835D-444C9C0F0FCB}.Debug|x86.Build.0 = Debug|Any CPU
		{F7B07B26-2BBD-48FB-835D-444C9C0F0FCB}.Debug|x86.Deploy.0 = Debug|Any CPU
		{F7B07B26-2BBD-48FB-835D-444C9C0F0FCB}.Release|Any CPU.ActiveCfg = Release|Any CPU
		{F7B07B26-2BBD-48FB-835D-444C9C0F0FCB}.Release|Any CPU.Build.0 = Release|Any CPU
		{F7B07B26-2BBD-48FB-835D-444C9C0F0FCB}.Release|Any CPU.Deploy.0 = Release|Any CPU
		{F7B07B26-2BBD-48FB-835D-444C9C0F0FCB}.Release|ARM.ActiveCfg = Release|Any CPU
		{F7B07B26-2BBD-48FB-835D-444C9C0F0FCB}.Release|ARM.Build.0 = Release|Any CPU
		{F7B07B26-2BBD-48FB-835D-444C9C0F0FCB}.Release|ARM.Deploy.0 = Release|Any CPU
		{F7B07B26-2BBD-48FB-835D-444C9C0F0FCB}.Release|iPhone.ActiveCfg = Release|Any CPU
		{F7B07B26-2BBD-48FB-835D-444C9C0F0FCB}.Release|iPhone.Build.0 = Release|Any CPU
		{F7B07B26-2BBD-48FB-835D-444C9C0F0FCB}.Release|iPhone.Deploy.0 = Release|Any CPU
		{F7B07B26-2BBD-48FB-835D-444C9C0F0FCB}.Release|iPhoneSimulator.ActiveCfg = Release|Any CPU
		{F7B07B26-2BBD-48FB-835D-444C9C0F0FCB}.Release|iPhoneSimulator.Build.0 = Release|Any CPU
		{F7B07B26-2BBD-48FB-835D-444C9C0F0FCB}.Release|iPhoneSimulator.Deploy.0 = Release|Any CPU
		{F7B07B26-2BBD-48FB-835D-444C9C0F0FCB}.Release|x64.ActiveCfg = Release|Any CPU
		{F7B07B26-2BBD-48FB-835D-444C9C0F0FCB}.Release|x64.Build.0 = Release|Any CPU
		{F7B07B26-2BBD-48FB-835D-444C9C0F0FCB}.Release|x64.Deploy.0 = Release|Any CPU
		{F7B07B26-2BBD-48FB-835D-444C9C0F0FCB}.Release|x86.ActiveCfg = Release|Any CPU
		{F7B07B26-2BBD-48FB-835D-444C9C0F0FCB}.Release|x86.Build.0 = Release|Any CPU
		{F7B07B26-2BBD-48FB-835D-444C9C0F0FCB}.Release|x86.Deploy.0 = Release|Any CPU
		{93585A14-9870-4E51-80F8-6277D85CF536}.Ad-Hoc|Any CPU.ActiveCfg = Ad-Hoc|iPhone
		{93585A14-9870-4E51-80F8-6277D85CF536}.Ad-Hoc|Any CPU.Build.0 = Ad-Hoc|iPhone
		{93585A14-9870-4E51-80F8-6277D85CF536}.Ad-Hoc|Any CPU.Deploy.0 = Ad-Hoc|iPhone
		{93585A14-9870-4E51-80F8-6277D85CF536}.Ad-Hoc|ARM.ActiveCfg = Ad-Hoc|iPhone
		{93585A14-9870-4E51-80F8-6277D85CF536}.Ad-Hoc|ARM.Build.0 = Ad-Hoc|iPhone
		{93585A14-9870-4E51-80F8-6277D85CF536}.Ad-Hoc|ARM.Deploy.0 = Ad-Hoc|iPhone
		{93585A14-9870-4E51-80F8-6277D85CF536}.Ad-Hoc|iPhone.ActiveCfg = Ad-Hoc|iPhone
		{93585A14-9870-4E51-80F8-6277D85CF536}.Ad-Hoc|iPhone.Build.0 = Ad-Hoc|iPhone
		{93585A14-9870-4E51-80F8-6277D85CF536}.Ad-Hoc|iPhone.Deploy.0 = Ad-Hoc|iPhone
		{93585A14-9870-4E51-80F8-6277D85CF536}.Ad-Hoc|iPhoneSimulator.ActiveCfg = Ad-Hoc|iPhoneSimulator
		{93585A14-9870-4E51-80F8-6277D85CF536}.Ad-Hoc|iPhoneSimulator.Build.0 = Ad-Hoc|iPhoneSimulator
		{93585A14-9870-4E51-80F8-6277D85CF536}.Ad-Hoc|iPhoneSimulator.Deploy.0 = Ad-Hoc|iPhoneSimulator
		{93585A14-9870-4E51-80F8-6277D85CF536}.Ad-Hoc|x64.ActiveCfg = Ad-Hoc|iPhone
		{93585A14-9870-4E51-80F8-6277D85CF536}.Ad-Hoc|x64.Build.0 = Ad-Hoc|iPhone
		{93585A14-9870-4E51-80F8-6277D85CF536}.Ad-Hoc|x64.Deploy.0 = Ad-Hoc|iPhone
		{93585A14-9870-4E51-80F8-6277D85CF536}.Ad-Hoc|x86.ActiveCfg = Ad-Hoc|iPhone
		{93585A14-9870-4E51-80F8-6277D85CF536}.Ad-Hoc|x86.Build.0 = Ad-Hoc|iPhone
		{93585A14-9870-4E51-80F8-6277D85CF536}.Ad-Hoc|x86.Deploy.0 = Ad-Hoc|iPhone
		{93585A14-9870-4E51-80F8-6277D85CF536}.AppStore|Any CPU.ActiveCfg = AppStore|iPhone
		{93585A14-9870-4E51-80F8-6277D85CF536}.AppStore|Any CPU.Build.0 = AppStore|iPhone
		{93585A14-9870-4E51-80F8-6277D85CF536}.AppStore|Any CPU.Deploy.0 = AppStore|iPhone
		{93585A14-9870-4E51-80F8-6277D85CF536}.AppStore|ARM.ActiveCfg = AppStore|iPhone
		{93585A14-9870-4E51-80F8-6277D85CF536}.AppStore|ARM.Build.0 = AppStore|iPhone
		{93585A14-9870-4E51-80F8-6277D85CF536}.AppStore|ARM.Deploy.0 = AppStore|iPhone
		{93585A14-9870-4E51-80F8-6277D85CF536}.AppStore|iPhone.ActiveCfg = AppStore|iPhone
		{93585A14-9870-4E51-80F8-6277D85CF536}.AppStore|iPhone.Build.0 = AppStore|iPhone
		{93585A14-9870-4E51-80F8-6277D85CF536}.AppStore|iPhone.Deploy.0 = AppStore|iPhone
		{93585A14-9870-4E51-80F8-6277D85CF536}.AppStore|iPhoneSimulator.ActiveCfg = AppStore|iPhoneSimulator
		{93585A14-9870-4E51-80F8-6277D85CF536}.AppStore|iPhoneSimulator.Build.0 = AppStore|iPhoneSimulator
		{93585A14-9870-4E51-80F8-6277D85CF536}.AppStore|iPhoneSimulator.Deploy.0 = AppStore|iPhoneSimulator
		{93585A14-9870-4E51-80F8-6277D85CF536}.AppStore|x64.ActiveCfg = AppStore|iPhone
		{93585A14-9870-4E51-80F8-6277D85CF536}.AppStore|x64.Build.0 = AppStore|iPhone
		{93585A14-9870-4E51-80F8-6277D85CF536}.AppStore|x64.Deploy.0 = AppStore|iPhone
		{93585A14-9870-4E51-80F8-6277D85CF536}.AppStore|x86.ActiveCfg = AppStore|iPhone
		{93585A14-9870-4E51-80F8-6277D85CF536}.AppStore|x86.Build.0 = AppStore|iPhone
		{93585A14-9870-4E51-80F8-6277D85CF536}.AppStore|x86.Deploy.0 = AppStore|iPhone
		{93585A14-9870-4E51-80F8-6277D85CF536}.Debug|Any CPU.ActiveCfg = Debug|iPhoneSimulator
		{93585A14-9870-4E51-80F8-6277D85CF536}.Debug|Any CPU.Build.0 = Debug|iPhoneSimulator
		{93585A14-9870-4E51-80F8-6277D85CF536}.Debug|Any CPU.Deploy.0 = Debug|iPhoneSimulator
		{93585A14-9870-4E51-80F8-6277D85CF536}.Debug|ARM.ActiveCfg = Debug|iPhone
		{93585A14-9870-4E51-80F8-6277D85CF536}.Debug|ARM.Build.0 = Debug|iPhone
		{93585A14-9870-4E51-80F8-6277D85CF536}.Debug|ARM.Deploy.0 = Debug|iPhone
		{93585A14-9870-4E51-80F8-6277D85CF536}.Debug|iPhone.ActiveCfg = Debug|iPhone
		{93585A14-9870-4E51-80F8-6277D85CF536}.Debug|iPhone.Build.0 = Debug|iPhone
		{93585A14-9870-4E51-80F8-6277D85CF536}.Debug|iPhone.Deploy.0 = Debug|iPhone
		{93585A14-9870-4E51-80F8-6277D85CF536}.Debug|iPhoneSimulator.ActiveCfg = Debug|iPhoneSimulator
		{93585A14-9870-4E51-80F8-6277D85CF536}.Debug|iPhoneSimulator.Build.0 = Debug|iPhoneSimulator
		{93585A14-9870-4E51-80F8-6277D85CF536}.Debug|iPhoneSimulator.Deploy.0 = Debug|iPhoneSimulator
		{93585A14-9870-4E51-80F8-6277D85CF536}.Debug|x64.ActiveCfg = Debug|iPhone
		{93585A14-9870-4E51-80F8-6277D85CF536}.Debug|x64.Build.0 = Debug|iPhone
		{93585A14-9870-4E51-80F8-6277D85CF536}.Debug|x64.Deploy.0 = Debug|iPhone
		{93585A14-9870-4E51-80F8-6277D85CF536}.Debug|x86.ActiveCfg = Debug|iPhone
		{93585A14-9870-4E51-80F8-6277D85CF536}.Debug|x86.Build.0 = Debug|iPhone
		{93585A14-9870-4E51-80F8-6277D85CF536}.Debug|x86.Deploy.0 = Debug|iPhone
		{93585A14-9870-4E51-80F8-6277D85CF536}.Release|Any CPU.ActiveCfg = Release|iPhone
		{93585A14-9870-4E51-80F8-6277D85CF536}.Release|Any CPU.Build.0 = Release|iPhone
		{93585A14-9870-4E51-80F8-6277D85CF536}.Release|Any CPU.Deploy.0 = Release|iPhone
		{93585A14-9870-4E51-80F8-6277D85CF536}.Release|ARM.ActiveCfg = Release|iPhone
		{93585A14-9870-4E51-80F8-6277D85CF536}.Release|ARM.Build.0 = Release|iPhone
		{93585A14-9870-4E51-80F8-6277D85CF536}.Release|ARM.Deploy.0 = Release|iPhone
		{93585A14-9870-4E51-80F8-6277D85CF536}.Release|iPhone.ActiveCfg = Release|iPhone
		{93585A14-9870-4E51-80F8-6277D85CF536}.Release|iPhone.Build.0 = Release|iPhone
		{93585A14-9870-4E51-80F8-6277D85CF536}.Release|iPhone.Deploy.0 = Release|iPhone
		{93585A14-9870-4E51-80F8-6277D85CF536}.Release|iPhoneSimulator.ActiveCfg = Release|iPhoneSimulator
		{93585A14-9870-4E51-80F8-6277D85CF536}.Release|iPhoneSimulator.Build.0 = Release|iPhoneSimulator
		{93585A14-9870-4E51-80F8-6277D85CF536}.Release|iPhoneSimulator.Deploy.0 = Release|iPhoneSimulator
		{93585A14-9870-4E51-80F8-6277D85CF536}.Release|x64.ActiveCfg = Release|iPhone
		{93585A14-9870-4E51-80F8-6277D85CF536}.Release|x64.Build.0 = Release|iPhone
		{93585A14-9870-4E51-80F8-6277D85CF536}.Release|x64.Deploy.0 = Release|iPhone
		{93585A14-9870-4E51-80F8-6277D85CF536}.Release|x86.ActiveCfg = Release|iPhone
		{93585A14-9870-4E51-80F8-6277D85CF536}.Release|x86.Build.0 = Release|iPhone
		{93585A14-9870-4E51-80F8-6277D85CF536}.Release|x86.Deploy.0 = Release|iPhone
		{28515E44-90C2-407A-87C8-F0C878208449}.Ad-Hoc|Any CPU.ActiveCfg = Release|x86
		{28515E44-90C2-407A-87C8-F0C878208449}.Ad-Hoc|Any CPU.Build.0 = Release|x86
		{28515E44-90C2-407A-87C8-F0C878208449}.Ad-Hoc|Any CPU.Deploy.0 = Release|x86
		{28515E44-90C2-407A-87C8-F0C878208449}.Ad-Hoc|ARM.ActiveCfg = Release|ARM
		{28515E44-90C2-407A-87C8-F0C878208449}.Ad-Hoc|ARM.Build.0 = Release|ARM
		{28515E44-90C2-407A-87C8-F0C878208449}.Ad-Hoc|ARM.Deploy.0 = Release|ARM
		{28515E44-90C2-407A-87C8-F0C878208449}.Ad-Hoc|iPhone.ActiveCfg = Release|x86
		{28515E44-90C2-407A-87C8-F0C878208449}.Ad-Hoc|iPhone.Build.0 = Release|x86
		{28515E44-90C2-407A-87C8-F0C878208449}.Ad-Hoc|iPhone.Deploy.0 = Release|x86
		{28515E44-90C2-407A-87C8-F0C878208449}.Ad-Hoc|iPhoneSimulator.ActiveCfg = Release|x86
		{28515E44-90C2-407A-87C8-F0C878208449}.Ad-Hoc|iPhoneSimulator.Build.0 = Release|x86
		{28515E44-90C2-407A-87C8-F0C878208449}.Ad-Hoc|iPhoneSimulator.Deploy.0 = Release|x86
		{28515E44-90C2-407A-87C8-F0C878208449}.Ad-Hoc|x64.ActiveCfg = Release|x64
		{28515E44-90C2-407A-87C8-F0C878208449}.Ad-Hoc|x64.Build.0 = Release|x64
		{28515E44-90C2-407A-87C8-F0C878208449}.Ad-Hoc|x64.Deploy.0 = Release|x64
		{28515E44-90C2-407A-87C8-F0C878208449}.Ad-Hoc|x86.ActiveCfg = Release|x86
		{28515E44-90C2-407A-87C8-F0C878208449}.Ad-Hoc|x86.Build.0 = Release|x86
		{28515E44-90C2-407A-87C8-F0C878208449}.Ad-Hoc|x86.Deploy.0 = Release|x86
		{28515E44-90C2-407A-87C8-F0C878208449}.AppStore|Any CPU.ActiveCfg = Release|x86
		{28515E44-90C2-407A-87C8-F0C878208449}.AppStore|Any CPU.Build.0 = Release|x86
		{28515E44-90C2-407A-87C8-F0C878208449}.AppStore|Any CPU.Deploy.0 = Release|x86
		{28515E44-90C2-407A-87C8-F0C878208449}.AppStore|ARM.ActiveCfg = Release|ARM
		{28515E44-90C2-407A-87C8-F0C878208449}.AppStore|ARM.Build.0 = Release|ARM
		{28515E44-90C2-407A-87C8-F0C878208449}.AppStore|ARM.Deploy.0 = Release|ARM
		{28515E44-90C2-407A-87C8-F0C878208449}.AppStore|iPhone.ActiveCfg = Release|x86
		{28515E44-90C2-407A-87C8-F0C878208449}.AppStore|iPhone.Build.0 = Release|x86
		{28515E44-90C2-407A-87C8-F0C878208449}.AppStore|iPhone.Deploy.0 = Release|x86
		{28515E44-90C2-407A-87C8-F0C878208449}.AppStore|iPhoneSimulator.ActiveCfg = Release|x86
		{28515E44-90C2-407A-87C8-F0C878208449}.AppStore|iPhoneSimulator.Build.0 = Release|x86
		{28515E44-90C2-407A-87C8-F0C878208449}.AppStore|iPhoneSimulator.Deploy.0 = Release|x86
		{28515E44-90C2-407A-87C8-F0C878208449}.AppStore|x64.ActiveCfg = Release|x64
		{28515E44-90C2-407A-87C8-F0C878208449}.AppStore|x64.Build.0 = Release|x64
		{28515E44-90C2-407A-87C8-F0C878208449}.AppStore|x64.Deploy.0 = Release|x64
		{28515E44-90C2-407A-87C8-F0C878208449}.AppStore|x86.ActiveCfg = Release|x86
		{28515E44-90C2-407A-87C8-F0C878208449}.AppStore|x86.Build.0 = Release|x86
		{28515E44-90C2-407A-87C8-F0C878208449}.AppStore|x86.Deploy.0 = Release|x86
		{28515E44-90C2-407A-87C8-F0C878208449}.Debug|Any CPU.ActiveCfg = Debug|x86
		{28515E44-90C2-407A-87C8-F0C878208449}.Debug|Any CPU.Build.0 = Debug|x86
		{28515E44-90C2-407A-87C8-F0C878208449}.Debug|Any CPU.Deploy.0 = Debug|x86
		{28515E44-90C2-407A-87C8-F0C878208449}.Debug|ARM.ActiveCfg = Debug|ARM
		{28515E44-90C2-407A-87C8-F0C878208449}.Debug|ARM.Build.0 = Debug|ARM
		{28515E44-90C2-407A-87C8-F0C878208449}.Debug|ARM.Deploy.0 = Debug|ARM
		{28515E44-90C2-407A-87C8-F0C878208449}.Debug|iPhone.ActiveCfg = Debug|x86
		{28515E44-90C2-407A-87C8-F0C878208449}.Debug|iPhone.Build.0 = Debug|x86
		{28515E44-90C2-407A-87C8-F0C878208449}.Debug|iPhone.Deploy.0 = Debug|x86
		{28515E44-90C2-407A-87C8-F0C878208449}.Debug|iPhoneSimulator.ActiveCfg = Debug|x86
		{28515E44-90C2-407A-87C8-F0C878208449}.Debug|iPhoneSimulator.Build.0 = Debug|x86
		{28515E44-90C2-407A-87C8-F0C878208449}.Debug|iPhoneSimulator.Deploy.0 = Debug|x86
		{28515E44-90C2-407A-87C8-F0C878208449}.Debug|x64.ActiveCfg = Debug|x64
		{28515E44-90C2-407A-87C8-F0C878208449}.Debug|x64.Build.0 = Debug|x64
		{28515E44-90C2-407A-87C8-F0C878208449}.Debug|x64.Deploy.0 = Debug|x64
		{28515E44-90C2-407A-87C8-F0C878208449}.Debug|x86.ActiveCfg = Debug|x86
		{28515E44-90C2-407A-87C8-F0C878208449}.Debug|x86.Build.0 = Debug|x86
		{28515E44-90C2-407A-87C8-F0C878208449}.Debug|x86.Deploy.0 = Debug|x86
		{28515E44-90C2-407A-87C8-F0C878208449}.Release|Any CPU.ActiveCfg = Release|x86
		{28515E44-90C2-407A-87C8-F0C878208449}.Release|Any CPU.Build.0 = Release|x86
		{28515E44-90C2-407A-87C8-F0C878208449}.Release|Any CPU.Deploy.0 = Release|x86
		{28515E44-90C2-407A-87C8-F0C878208449}.Release|ARM.ActiveCfg = Release|ARM
		{28515E44-90C2-407A-87C8-F0C878208449}.Release|ARM.Build.0 = Release|ARM
		{28515E44-90C2-407A-87C8-F0C878208449}.Release|ARM.Deploy.0 = Release|ARM
		{28515E44-90C2-407A-87C8-F0C878208449}.Release|iPhone.ActiveCfg = Release|x86
		{28515E44-90C2-407A-87C8-F0C878208449}.Release|iPhone.Build.0 = Release|x86
		{28515E44-90C2-407A-87C8-F0C878208449}.Release|iPhone.Deploy.0 = Release|x86
		{28515E44-90C2-407A-87C8-F0C878208449}.Release|iPhoneSimulator.ActiveCfg = Release|x86
		{28515E44-90C2-407A-87C8-F0C878208449}.Release|iPhoneSimulator.Build.0 = Release|x86
		{28515E44-90C2-407A-87C8-F0C878208449}.Release|iPhoneSimulator.Deploy.0 = Release|x86
		{28515E44-90C2-407A-87C8-F0C878208449}.Release|x64.ActiveCfg = Release|x64
		{28515E44-90C2-407A-87C8-F0C878208449}.Release|x64.Build.0 = Release|x64
		{28515E44-90C2-407A-87C8-F0C878208449}.Release|x64.Deploy.0 = Release|x64
		{28515E44-90C2-407A-87C8-F0C878208449}.Release|x86.ActiveCfg = Release|x86
		{28515E44-90C2-407A-87C8-F0C878208449}.Release|x86.Build.0 = Release|x86
		{28515E44-90C2-407A-87C8-F0C878208449}.Release|x86.Deploy.0 = Release|x86
		{5B5CA364-5547-4B95-B2DF-34FC80481B3F}.Ad-Hoc|Any CPU.ActiveCfg = Debug|Any CPU
		{5B5CA364-5547-4B95-B2DF-34FC80481B3F}.Ad-Hoc|Any CPU.Build.0 = Debug|Any CPU
		{5B5CA364-5547-4B95-B2DF-34FC80481B3F}.Ad-Hoc|Any CPU.Deploy.0 = Debug|Any CPU
		{5B5CA364-5547-4B95-B2DF-34FC80481B3F}.Ad-Hoc|ARM.ActiveCfg = Debug|Any CPU
		{5B5CA364-5547-4B95-B2DF-34FC80481B3F}.Ad-Hoc|ARM.Build.0 = Debug|Any CPU
		{5B5CA364-5547-4B95-B2DF-34FC80481B3F}.Ad-Hoc|ARM.Deploy.0 = Debug|Any CPU
		{5B5CA364-5547-4B95-B2DF-34FC80481B3F}.Ad-Hoc|iPhone.ActiveCfg = Debug|Any CPU
		{5B5CA364-5547-4B95-B2DF-34FC80481B3F}.Ad-Hoc|iPhone.Build.0 = Debug|Any CPU
		{5B5CA364-5547-4B95-B2DF-34FC80481B3F}.Ad-Hoc|iPhone.Deploy.0 = Debug|Any CPU
		{5B5CA364-5547-4B95-B2DF-34FC80481B3F}.Ad-Hoc|iPhoneSimulator.ActiveCfg = Debug|Any CPU
		{5B5CA364-5547-4B95-B2DF-34FC80481B3F}.Ad-Hoc|iPhoneSimulator.Build.0 = Debug|Any CPU
		{5B5CA364-5547-4B95-B2DF-34FC80481B3F}.Ad-Hoc|iPhoneSimulator.Deploy.0 = Debug|Any CPU
		{5B5CA364-5547-4B95-B2DF-34FC80481B3F}.Ad-Hoc|x64.ActiveCfg = Debug|Any CPU
		{5B5CA364-5547-4B95-B2DF-34FC80481B3F}.Ad-Hoc|x64.Build.0 = Debug|Any CPU
		{5B5CA364-5547-4B95-B2DF-34FC80481B3F}.Ad-Hoc|x64.Deploy.0 = Debug|Any CPU
		{5B5CA364-5547-4B95-B2DF-34FC80481B3F}.Ad-Hoc|x86.ActiveCfg = Debug|Any CPU
		{5B5CA364-5547-4B95-B2DF-34FC80481B3F}.Ad-Hoc|x86.Build.0 = Debug|Any CPU
		{5B5CA364-5547-4B95-B2DF-34FC80481B3F}.Ad-Hoc|x86.Deploy.0 = Debug|Any CPU
		{5B5CA364-5547-4B95-B2DF-34FC80481B3F}.AppStore|Any CPU.ActiveCfg = Debug|Any CPU
		{5B5CA364-5547-4B95-B2DF-34FC80481B3F}.AppStore|Any CPU.Build.0 = Debug|Any CPU
		{5B5CA364-5547-4B95-B2DF-34FC80481B3F}.AppStore|Any CPU.Deploy.0 = Debug|Any CPU
		{5B5CA364-5547-4B95-B2DF-34FC80481B3F}.AppStore|ARM.ActiveCfg = Debug|Any CPU
		{5B5CA364-5547-4B95-B2DF-34FC80481B3F}.AppStore|ARM.Build.0 = Debug|Any CPU
		{5B5CA364-5547-4B95-B2DF-34FC80481B3F}.AppStore|ARM.Deploy.0 = Debug|Any CPU
		{5B5CA364-5547-4B95-B2DF-34FC80481B3F}.AppStore|iPhone.ActiveCfg = Debug|Any CPU
		{5B5CA364-5547-4B95-B2DF-34FC80481B3F}.AppStore|iPhone.Build.0 = Debug|Any CPU
		{5B5CA364-5547-4B95-B2DF-34FC80481B3F}.AppStore|iPhone.Deploy.0 = Debug|Any CPU
		{5B5CA364-5547-4B95-B2DF-34FC80481B3F}.AppStore|iPhoneSimulator.ActiveCfg = Debug|Any CPU
		{5B5CA364-5547-4B95-B2DF-34FC80481B3F}.AppStore|iPhoneSimulator.Build.0 = Debug|Any CPU
		{5B5CA364-5547-4B95-B2DF-34FC80481B3F}.AppStore|iPhoneSimulator.Deploy.0 = Debug|Any CPU
		{5B5CA364-5547-4B95-B2DF-34FC80481B3F}.AppStore|x64.ActiveCfg = Debug|Any CPU
		{5B5CA364-5547-4B95-B2DF-34FC80481B3F}.AppStore|x64.Build.0 = Debug|Any CPU
		{5B5CA364-5547-4B95-B2DF-34FC80481B3F}.AppStore|x64.Deploy.0 = Debug|Any CPU
		{5B5CA364-5547-4B95-B2DF-34FC80481B3F}.AppStore|x86.ActiveCfg = Debug|Any CPU
		{5B5CA364-5547-4B95-B2DF-34FC80481B3F}.AppStore|x86.Build.0 = Debug|Any CPU
		{5B5CA364-5547-4B95-B2DF-34FC80481B3F}.AppStore|x86.Deploy.0 = Debug|Any CPU
		{5B5CA364-5547-4B95-B2DF-34FC80481B3F}.Debug|Any CPU.ActiveCfg = Debug|Any CPU
		{5B5CA364-5547-4B95-B2DF-34FC80481B3F}.Debug|Any CPU.Build.0 = Debug|Any CPU
		{5B5CA364-5547-4B95-B2DF-34FC80481B3F}.Debug|Any CPU.Deploy.0 = Debug|Any CPU
		{5B5CA364-5547-4B95-B2DF-34FC80481B3F}.Debug|ARM.ActiveCfg = Debug|Any CPU
		{5B5CA364-5547-4B95-B2DF-34FC80481B3F}.Debug|ARM.Build.0 = Debug|Any CPU
		{5B5CA364-5547-4B95-B2DF-34FC80481B3F}.Debug|ARM.Deploy.0 = Debug|Any CPU
		{5B5CA364-5547-4B95-B2DF-34FC80481B3F}.Debug|iPhone.ActiveCfg = Debug|Any CPU
		{5B5CA364-5547-4B95-B2DF-34FC80481B3F}.Debug|iPhone.Build.0 = Debug|Any CPU
		{5B5CA364-5547-4B95-B2DF-34FC80481B3F}.Debug|iPhone.Deploy.0 = Debug|Any CPU
		{5B5CA364-5547-4B95-B2DF-34FC80481B3F}.Debug|iPhoneSimulator.ActiveCfg = Debug|Any CPU
		{5B5CA364-5547-4B95-B2DF-34FC80481B3F}.Debug|iPhoneSimulator.Build.0 = Debug|Any CPU
		{5B5CA364-5547-4B95-B2DF-34FC80481B3F}.Debug|iPhoneSimulator.Deploy.0 = Debug|Any CPU
		{5B5CA364-5547-4B95-B2DF-34FC80481B3F}.Debug|x64.ActiveCfg = Debug|Any CPU
		{5B5CA364-5547-4B95-B2DF-34FC80481B3F}.Debug|x64.Build.0 = Debug|Any CPU
		{5B5CA364-5547-4B95-B2DF-34FC80481B3F}.Debug|x64.Deploy.0 = Debug|Any CPU
		{5B5CA364-5547-4B95-B2DF-34FC80481B3F}.Debug|x86.ActiveCfg = Debug|Any CPU
		{5B5CA364-5547-4B95-B2DF-34FC80481B3F}.Debug|x86.Build.0 = Debug|Any CPU
		{5B5CA364-5547-4B95-B2DF-34FC80481B3F}.Debug|x86.Deploy.0 = Debug|Any CPU
		{5B5CA364-5547-4B95-B2DF-34FC80481B3F}.Release|Any CPU.ActiveCfg = Release|Any CPU
		{5B5CA364-5547-4B95-B2DF-34FC80481B3F}.Release|Any CPU.Build.0 = Release|Any CPU
		{5B5CA364-5547-4B95-B2DF-34FC80481B3F}.Release|Any CPU.Deploy.0 = Release|Any CPU
		{5B5CA364-5547-4B95-B2DF-34FC80481B3F}.Release|ARM.ActiveCfg = Release|Any CPU
		{5B5CA364-5547-4B95-B2DF-34FC80481B3F}.Release|ARM.Build.0 = Release|Any CPU
		{5B5CA364-5547-4B95-B2DF-34FC80481B3F}.Release|ARM.Deploy.0 = Release|Any CPU
		{5B5CA364-5547-4B95-B2DF-34FC80481B3F}.Release|iPhone.ActiveCfg = Release|Any CPU
		{5B5CA364-5547-4B95-B2DF-34FC80481B3F}.Release|iPhone.Build.0 = Release|Any CPU
		{5B5CA364-5547-4B95-B2DF-34FC80481B3F}.Release|iPhone.Deploy.0 = Release|Any CPU
		{5B5CA364-5547-4B95-B2DF-34FC80481B3F}.Release|iPhoneSimulator.ActiveCfg = Release|Any CPU
		{5B5CA364-5547-4B95-B2DF-34FC80481B3F}.Release|iPhoneSimulator.Build.0 = Release|Any CPU
		{5B5CA364-5547-4B95-B2DF-34FC80481B3F}.Release|iPhoneSimulator.Deploy.0 = Release|Any CPU
		{5B5CA364-5547-4B95-B2DF-34FC80481B3F}.Release|x64.ActiveCfg = Release|Any CPU
		{5B5CA364-5547-4B95-B2DF-34FC80481B3F}.Release|x64.Build.0 = Release|Any CPU
		{5B5CA364-5547-4B95-B2DF-34FC80481B3F}.Release|x64.Deploy.0 = Release|Any CPU
		{5B5CA364-5547-4B95-B2DF-34FC80481B3F}.Release|x86.ActiveCfg = Release|Any CPU
		{5B5CA364-5547-4B95-B2DF-34FC80481B3F}.Release|x86.Build.0 = Release|Any CPU
		{5B5CA364-5547-4B95-B2DF-34FC80481B3F}.Release|x86.Deploy.0 = Release|Any CPU
	EndGlobalSection
	GlobalSection(SolutionProperties) = preSolution
		HideSolutionNode = FALSE
	EndGlobalSection
	GlobalSection(ExtensibilityGlobals) = postSolution
		SolutionGuid = {77DA8975-3E77-4360-B187-358FC72299D4}
	EndGlobalSection
EndGlobal
